{
  "name": "js-polars",
  "version": "0.0.1",
  "lockfileVersion": 2,
  "requires": true,
  "packages": {
    "": {
      "name": "js-polars",
      "version": "0.0.1",
      "hasInstallScript": true,
      "license": "ISC",
      "devDependencies": {
        "cargo-cp-artifact": "^0.1"
      }
    },
    "node_modules/cargo-cp-artifact": {
      "version": "0.1.5",
      "resolved": "https://registry.npmjs.org/cargo-cp-artifact/-/cargo-cp-artifact-0.1.5.tgz",
      "integrity": "sha512-mWwNdfrEyvMPxDHoAhbCYwQBNP3RyW9bV+yi5VaaHtVZqoDXbGU5JQF5qG7s65SJhqP7HIVAQD7wZM6Fk2COuw==",
      "dev": true,
      "bin": {
        "cargo-cp-artifact": "bin/cargo-cp-artifact.js"
      }
    }
  },
  "dependencies": {
    "cargo-cp-artifact": {
      "version": "0.1.5",
      "resolved": "https://registry.npmjs.org/cargo-cp-artifact/-/cargo-cp-artifact-0.1.5.tgz",
      "integrity": "sha512-mWwNdfrEyvMPxDHoAhbCYwQBNP3RyW9bV+yi5VaaHtVZqoDXbGU5JQF5qG7s65SJhqP7HIVAQD7wZM6Fk2COuw==",
      "dev": true
    }
  }
}
