{
  "name": "polars-book",
  "lockfileVersion": 3,
  "requires": true,
  "packages": {
    "": {
      "dependencies": {
        "chance": "^1.1.11"
      },
      "devDependencies": {
        "nodejs-polars": "0.8.0",
        "rome": "12.1.3"
      }
    },
    "node_modules/@rometools/cli-darwin-arm64": {
      "version": "12.1.3",
      "resolved": "https://registry.npmjs.org/@rometools/cli-darwin-arm64/-/cli-darwin-arm64-12.1.3.tgz",
      "integrity": "sha512-AmFTUDYjBuEGQp/Wwps+2cqUr+qhR7gyXAUnkL5psCuNCz3807TrUq/ecOoct5MIavGJTH6R4aaSL6+f+VlBEg==",
      "cpu": [
        "arm64"
      ],
      "dev": true,
      "optional": true,
      "os": [
        "darwin"
      ]
    },
    "node_modules/@rometools/cli-darwin-x64": {
      "version": "12.1.3",
      "resolved": "https://registry.npmjs.org/@rometools/cli-darwin-x64/-/cli-darwin-x64-12.1.3.tgz",
      "integrity": "sha512-k8MbWna8q4LRlb005N2X+JS1UQ+s3ZLBBvwk4fP8TBxlAJXUz17jLLu/Fi+7DTTEmMhM84TWj4FDKW+rNar28g==",
      "cpu": [
        "x64"
      ],
      "dev": true,
      "optional": true,
      "os": [
        "darwin"
      ]
    },
    "node_modules/@rometools/cli-linux-arm64": {
      "version": "12.1.3",
      "resolved": "https://registry.npmjs.org/@rometools/cli-linux-arm64/-/cli-linux-arm64-12.1.3.tgz",
      "integrity": "sha512-X/uLhJ2/FNA3nu5TiyeNPqiD3OZoFfNfRvw6a3ut0jEREPvEn72NI7WPijH/gxSz55znfQ7UQ6iM4DZumUknJg==",
      "cpu": [
        "arm64"
      ],
      "dev": true,
      "optional": true,
      "os": [
        "linux"
      ]
    },
    "node_modules/@rometools/cli-linux-x64": {
      "version": "12.1.3",
      "resolved": "https://registry.npmjs.org/@rometools/cli-linux-x64/-/cli-linux-x64-12.1.3.tgz",
      "integrity": "sha512-csP17q1eWiUXx9z6Jr/JJPibkplyKIwiWPYNzvPCGE8pHlKhwZj3YHRuu7Dm/4EOqx0XFIuqqWZUYm9bkIC8xg==",
      "cpu": [
        "x64"
      ],
      "dev": true,
      "optional": true,
      "os": [
        "linux"
      ]
    },
    "node_modules/@rometools/cli-win32-arm64": {
      "version": "12.1.3",
      "resolved": "https://registry.npmjs.org/@rometools/cli-win32-arm64/-/cli-win32-arm64-12.1.3.tgz",
      "integrity": "sha512-RymHWeod57EBOJY4P636CgUwYA6BQdkQjh56XKk4pLEHO6X1bFyMet2XL7KlHw5qOTalzuzf5jJqUs+vf3jdXQ==",
      "cpu": [
        "arm64"
      ],
      "dev": true,
      "optional": true,
      "os": [
        "win32"
      ]
    },
    "node_modules/@rometools/cli-win32-x64": {
      "version": "12.1.3",
      "resolved": "https://registry.npmjs.org/@rometools/cli-win32-x64/-/cli-win32-x64-12.1.3.tgz",
      "integrity": "sha512-yHSKYidqJMV9nADqg78GYA+cZ0hS1twANAjiFibQdXj9aGzD+s/IzIFEIi/U/OBLvWYg/SCw0QVozi2vTlKFDQ==",
      "cpu": [
        "x64"
      ],
      "dev": true,
      "optional": true,
      "os": [
        "win32"
      ]
    },
    "node_modules/chance": {
      "version": "1.1.11",
      "resolved": "https://registry.npmjs.org/chance/-/chance-1.1.11.tgz",
      "integrity": "sha512-kqTg3WWywappJPqtgrdvbA380VoXO2eu9VCV895JgbyHsaErXdyHK9LOZ911OvAk6L0obK7kDk9CGs8+oBawVA=="
    },
    "node_modules/nodejs-polars": {
      "version": "0.8.0",
      "resolved": "https://registry.npmjs.org/nodejs-polars/-/nodejs-polars-0.8.0.tgz",
      "integrity": "sha512-77Nhx+AYvCLq4ciVBQbvx1x0iRuPdLZgc59vx2Gund6c3/eEqlfX8C8xgzsfUh0OCpnIbiXsrI8gBuZbFc8YnA==",
      "dev": true,
      "engines": {
        "node": ">= 16"
      },
      "optionalDependencies": {
        "nodejs-polars-android-arm64": "0.8.0",
        "nodejs-polars-darwin-arm64": "0.8.0",
        "nodejs-polars-darwin-x64": "0.8.0",
        "nodejs-polars-linux-arm64-gnu": "0.8.0",
        "nodejs-polars-linux-arm64-musl": "0.8.0",
        "nodejs-polars-linux-x64-gnu": "0.8.0",
        "nodejs-polars-linux-x64-musl": "0.8.0",
        "nodejs-polars-win32-ia32-msvc": "0.8.0",
        "nodejs-polars-win32-x64-msvc": "0.8.0"
      }
    },
    "node_modules/nodejs-polars-android-arm64": {
      "version": "0.8.0",
      "resolved": "https://registry.npmjs.org/nodejs-polars-android-arm64/-/nodejs-polars-android-arm64-0.8.0.tgz",
      "integrity": "sha512-VoR+N1pzo0qApepQZs2IcO5+0Pi7asZbQG0C8Ztov8jEsNNG1A5cCmrjxR5ZbB8LRmas6w84zZu5xo1Uo/nPww==",
      "cpu": [
        "arm64"
      ],
      "dev": true,
      "optional": true,
      "os": [
        "android"
      ],
      "engines": {
        "node": ">= 16"
      }
    },
    "node_modules/nodejs-polars-darwin-arm64": {
      "version": "0.8.0",
      "resolved": "https://registry.npmjs.org/nodejs-polars-darwin-arm64/-/nodejs-polars-darwin-arm64-0.8.0.tgz",
      "integrity": "sha512-UQVgpb79zylNivzbPMIKyk9upPc1xMmo8uE5z8CoQlkDG4sfIsTl0WHH2IbDmzS1laMLkLfuHnbrVyZMSF9u6Q==",
      "cpu": [
        "arm64"
      ],
      "dev": true,
      "optional": true,
      "os": [
        "darwin"
      ],
      "engines": {
        "node": ">= 16"
      }
    },
    "node_modules/nodejs-polars-darwin-x64": {
      "version": "0.8.0",
      "resolved": "https://registry.npmjs.org/nodejs-polars-darwin-x64/-/nodejs-polars-darwin-x64-0.8.0.tgz",
      "integrity": "sha512-plbOADc3UCSzNeYB/wPyA9jVei/eW1wAREHC326n6FNpvCCTO9bIku1WySDnF7abO/TnnFaxqdAmM+Sl8lU/jA==",
      "cpu": [
        "x64"
      ],
      "dev": true,
      "optional": true,
      "os": [
        "darwin"
      ],
      "engines": {
        "node": ">= 16"
      }
    },
    "node_modules/nodejs-polars-linux-arm64-gnu": {
      "version": "0.8.0",
      "resolved": "https://registry.npmjs.org/nodejs-polars-linux-arm64-gnu/-/nodejs-polars-linux-arm64-gnu-0.8.0.tgz",
      "integrity": "sha512-EeXiYuE4gMjf9LTxOz0TPilSMRYsY7Jh/AnhyKpgevaJVWzf/tUeH6CPizMzF/nFsQnGfZ6SK2dQv3cCj9LmIQ==",
      "cpu": [
        "arm64"
      ],
      "dev": true,
      "optional": true,
      "os": [
        "linux"
      ],
      "engines": {
        "node": ">= 16"
      }
    },
    "node_modules/nodejs-polars-linux-arm64-musl": {
      "version": "0.8.0",
      "resolved": "https://registry.npmjs.org/nodejs-polars-linux-arm64-musl/-/nodejs-polars-linux-arm64-musl-0.8.0.tgz",
      "integrity": "sha512-JSnO/d27ScWPO0595MYzsgm/62PTBC8k1Er41l07hTDzl199ZAgcOal9jWGbq8Cv2r0xTpoGKKjNuA6UfdUhbw==",
      "cpu": [
        "arm64"
      ],
      "dev": true,
      "optional": true,
      "os": [
        "linux"
      ],
      "engines": {
        "node": ">= 16"
      }
    },
    "node_modules/nodejs-polars-linux-x64-gnu": {
      "version": "0.8.0",
      "resolved": "https://registry.npmjs.org/nodejs-polars-linux-x64-gnu/-/nodejs-polars-linux-x64-gnu-0.8.0.tgz",
      "integrity": "sha512-JfPQhd11ufph0aWUKIVI68nVGi5laO7w+tfBvDLcrcwZg0HiVg3zcgM1+8rpwXsi0z/Q8wQO/lqXESjM9nu5kQ==",
      "cpu": [
        "x64"
      ],
      "dev": true,
      "optional": true,
      "os": [
        "linux"
      ],
      "engines": {
        "node": ">= 16"
      }
    },
    "node_modules/nodejs-polars-linux-x64-musl": {
      "version": "0.8.0",
      "resolved": "https://registry.npmjs.org/nodejs-polars-linux-x64-musl/-/nodejs-polars-linux-x64-musl-0.8.0.tgz",
      "integrity": "sha512-cfqFcpJS5uWTpApX7Ct9F9pHD8T4g6U7qtYcsffqa2U904js9fcYYfAfNbAtvkQLzb9msMdZpZ5jVW5AmXlb1g==",
      "cpu": [
        "x64"
      ],
      "dev": true,
      "optional": true,
      "os": [
        "linux"
      ],
      "engines": {
        "node": ">= 16"
      }
    },
    "node_modules/nodejs-polars-win32-ia32-msvc": {
      "version": "0.8.0",
      "resolved": "https://registry.npmjs.org/nodejs-polars-win32-ia32-msvc/-/nodejs-polars-win32-ia32-msvc-0.8.0.tgz",
      "integrity": "sha512-FS4fzEAzZGwIfYuEUgey8QOAqB6yIeeNrC+zjhJUm1wCMUg9nJYKDvHf6dlyo8I1LHaPKxeruI8qrUetuVgmpg==",
      "cpu": [
        "ia32"
      ],
      "dev": true,
      "optional": true,
      "os": [
        "win32"
      ],
      "engines": {
        "node": ">= 16"
      }
    },
    "node_modules/nodejs-polars-win32-x64-msvc": {
      "version": "0.8.0",
      "resolved": "https://registry.npmjs.org/nodejs-polars-win32-x64-msvc/-/nodejs-polars-win32-x64-msvc-0.8.0.tgz",
      "integrity": "sha512-uucDbxpOkbJTm/Vr9FpDQZgloPHjWxP0EAFave89xnrVyrLI6WQy1s0+7OWF4iVDGb2yXMCw2vqFHTrZFS8EuQ==",
      "cpu": [
        "x64"
      ],
      "dev": true,
      "optional": true,
      "os": [
        "win32"
      ],
      "engines": {
        "node": ">= 16"
      }
    },
    "node_modules/rome": {
      "version": "12.1.3",
      "resolved": "https://registry.npmjs.org/rome/-/rome-12.1.3.tgz",
      "integrity": "sha512-e+ff72hxDpe/t5/Us7YRBVw3PBET7SeczTQNn6tvrWdrCaAw3qOukQQ+tDCkyFtS4yGsnhjrJbm43ctNbz27Yg==",
      "dev": true,
      "hasInstallScript": true,
      "bin": {
        "rome": "bin/rome"
      },
      "engines": {
        "node": ">=14.*"
      },
      "optionalDependencies": {
        "@rometools/cli-darwin-arm64": "12.1.3",
        "@rometools/cli-darwin-x64": "12.1.3",
        "@rometools/cli-linux-arm64": "12.1.3",
        "@rometools/cli-linux-x64": "12.1.3",
        "@rometools/cli-win32-arm64": "12.1.3",
        "@rometools/cli-win32-x64": "12.1.3"
      }
    }
  }
}
